{
  "version": 4,
  "terraform_version": "1.1.7",
  "serial": 10,
  "lineage": "7e3afbaa-4665-3b89-e2c7-d1fae73c8927",
  "outputs": {
    "external_ip_address_db01": {
      "value": "62.84.113.37",
      "type": "string"
    },
    "external_ip_address_db02": {
      "value": "62.84.114.27",
      "type": "string"
    },
    "external_ip_address_gitlab": {
      "value": "62.84.114.138",
      "type": "string"
    },
    "external_ip_address_gpa": {
      "value": "62.84.113.10",
      "type": "string"
    },
    "external_ip_address_grunner": {
      "value": "62.84.114.117",
      "type": "string"
    },
    "external_ip_address_rproxy": {
      "value": "62.84.113.241",
      "type": "string"
    },
    "internal_ip_address_db01": {
      "value": "192.168.101.12",
      "type": "string"
    },
    "internal_ip_address_db02": {
      "value": "192.168.101.13",
      "type": "string"
    },
    "internal_ip_address_gitlab": {
      "value": "192.168.101.14",
      "type": "string"
    },
    "internal_ip_address_gpa": {
      "value": "192.168.101.16",
      "type": "string"
    },
    "internal_ip_address_grunner": {
      "value": "192.168.101.15",
      "type": "string"
    },
    "internal_ip_address_rproxy": {
      "value": "192.168.101.11",
      "type": "string"
    }
  },
  "resources": [
    {
      "mode": "managed",
      "type": "yandex_compute_instance",
      "name": "db01",
      "provider": "provider[\"registry.terraform.io/yandex-cloud/yandex\"]",
      "instances": [
        {
          "schema_version": 1,
          "attributes": {
            "allow_recreate": null,
            "allow_stopping_for_update": true,
            "boot_disk": [
              {
                "auto_delete": true,
                "device_name": "fhm7dj4qk7di3cjsu68l",
                "disk_id": "fhm7dj4qk7di3cjsu68l",
                "initialize_params": [
                  {
                    "block_size": 4096,
                    "description": "",
                    "image_id": "fd88d14a6790do254kj7",
                    "name": "root-db01",
                    "size": 10,
                    "snapshot_id": "",
                    "type": "network-ssd"
                  }
                ],
                "mode": "READ_WRITE"
              }
            ],
            "created_at": "2022-07-07T12:30:46Z",
            "description": "",
            "folder_id": "b1g5mpl5ths26blfceli",
            "fqdn": "db01.itili4.ru",
            "hostname": "db01",
            "id": "fhmof16e2n8ftp8echbc",
            "labels": null,
            "local_disk": [],
            "metadata": {
              "ssh-keys": "centos:ssh-rsa AAAAB3NzaC1yc2EAAAADAQABAAABgQDf38pMeldesNTnacPPaHCDguMVU0utDKow7uyWVplkD5fHAweDiAe5MSMBcChiL1dEaulVAHuBZ9ck0Vj86AdivoGt/p3WWMlHBSRYw1l86TwZQm5p5U2hqxbfv9MnGB4eAwDavOSaHLGDrINvcx5YzTmiwbbmUFD60VtL3WDwyBdRGpipzOpfXTAboadA4spNYahvBGsLqbe6yxUwVgSIAZw75Dt7wrByJF7s3rfpI+IyflHxIhAD/T+PeflEvHsMHPAk6t/Srlr60qmowGLsA4+WNip4yJpHDki7/9aiJCbRxxbwyjkv63JBkiWXb/DBpzmIjtyttiVGORmUOl+wcfZDMx2gwBqL/XrHlkl9o6IVgBKV6J184QO4SdwX3abs0EwXMQZLOQCLwarLNHApEFn3RgVYMU1+EbelDn3vgZ4GVozEsSNbq/9FrBS3IxmCEw55OM/m1jkuTVZSDcCOJTm9L2JOK0ouukEDH7K42q9TTGrtuRu8qQpJWgMPNlE= yolo@90nbk0714\n"
            },
            "name": "db01",
            "network_acceleration_type": "standard",
            "network_interface": [
              {
                "dns_record": [],
                "index": 0,
                "ip_address": "192.168.101.12",
                "ipv4": true,
                "ipv6": false,
                "ipv6_address": "",
                "ipv6_dns_record": [],
                "mac_address": "d0:0d:18:78:4c:e1",
                "nat": true,
                "nat_dns_record": [],
                "nat_ip_address": "62.84.113.37",
                "nat_ip_version": "IPV4",
                "security_group_ids": [],
                "subnet_id": "e9bm3k8tkg27gavs0e8c"
              }
            ],
            "placement_policy": [
              {
                "host_affinity_rules": [],
                "placement_group_id": ""
              }
            ],
            "platform_id": "standard-v1",
            "resources": [
              {
                "core_fraction": 100,
                "cores": 4,
                "gpus": 0,
                "memory": 4
              }
            ],
            "scheduling_policy": [
              {
                "preemptible": false
              }
            ],
            "secondary_disk": [],
            "service_account_id": "",
            "status": "running",
            "timeouts": null,
            "zone": "ru-central1-a"
          },
          "sensitive_attributes": [],
          "private": "eyJlMmJmYjczMC1lY2FhLTExZTYtOGY4OC0zNDM2M2JjN2M0YzAiOnsiY3JlYXRlIjozMDAwMDAwMDAwMDAsImRlbGV0ZSI6MzAwMDAwMDAwMDAwLCJ1cGRhdGUiOjMwMDAwMDAwMDAwMH0sInNjaGVtYV92ZXJzaW9uIjoiMSJ9",
          "dependencies": [
            "yandex_vpc_network.default",
            "yandex_vpc_subnet.default"
          ]
        }
      ]
    },
    {
      "mode": "managed",
      "type": "yandex_compute_instance",
      "name": "db02",
      "provider": "provider[\"registry.terraform.io/yandex-cloud/yandex\"]",
      "instances": [
        {
          "schema_version": 1,
          "attributes": {
            "allow_recreate": null,
            "allow_stopping_for_update": true,
            "boot_disk": [
              {
                "auto_delete": true,
                "device_name": "fhmol8ddaagcu1evanls",
                "disk_id": "fhmol8ddaagcu1evanls",
                "initialize_params": [
                  {
                    "block_size": 4096,
                    "description": "",
                    "image_id": "fd88d14a6790do254kj7",
                    "name": "root-db02",
                    "size": 10,
                    "snapshot_id": "",
                    "type": "network-ssd"
                  }
                ],
                "mode": "READ_WRITE"
              }
            ],
            "created_at": "2022-07-07T12:30:46Z",
            "description": "",
            "folder_id": "b1g5mpl5ths26blfceli",
            "fqdn": "db02.itili4.ru",
            "hostname": "db02",
            "id": "fhmqo2afer8jmdbio8m4",
            "labels": null,
            "local_disk": [],
            "metadata": {
              "ssh-keys": "centos:ssh-rsa AAAAB3NzaC1yc2EAAAADAQABAAABgQDf38pMeldesNTnacPPaHCDguMVU0utDKow7uyWVplkD5fHAweDiAe5MSMBcChiL1dEaulVAHuBZ9ck0Vj86AdivoGt/p3WWMlHBSRYw1l86TwZQm5p5U2hqxbfv9MnGB4eAwDavOSaHLGDrINvcx5YzTmiwbbmUFD60VtL3WDwyBdRGpipzOpfXTAboadA4spNYahvBGsLqbe6yxUwVgSIAZw75Dt7wrByJF7s3rfpI+IyflHxIhAD/T+PeflEvHsMHPAk6t/Srlr60qmowGLsA4+WNip4yJpHDki7/9aiJCbRxxbwyjkv63JBkiWXb/DBpzmIjtyttiVGORmUOl+wcfZDMx2gwBqL/XrHlkl9o6IVgBKV6J184QO4SdwX3abs0EwXMQZLOQCLwarLNHApEFn3RgVYMU1+EbelDn3vgZ4GVozEsSNbq/9FrBS3IxmCEw55OM/m1jkuTVZSDcCOJTm9L2JOK0ouukEDH7K42q9TTGrtuRu8qQpJWgMPNlE= yolo@90nbk0714\n"
            },
            "name": "db02",
            "network_acceleration_type": "standard",
            "network_interface": [
              {
                "dns_record": [],
                "index": 0,
                "ip_address": "192.168.101.13",
                "ipv4": true,
                "ipv6": false,
                "ipv6_address": "",
                "ipv6_dns_record": [],
                "mac_address": "d0:0d:1a:c0:94:f7",
                "nat": true,
                "nat_dns_record": [],
                "nat_ip_address": "62.84.114.27",
                "nat_ip_version": "IPV4",
                "security_group_ids": [],
                "subnet_id": "e9bm3k8tkg27gavs0e8c"
              }
            ],
            "placement_policy": [
              {
                "host_affinity_rules": [],
                "placement_group_id": ""
              }
            ],
            "platform_id": "standard-v1",
            "resources": [
              {
                "core_fraction": 100,
                "cores": 4,
                "gpus": 0,
                "memory": 4
              }
            ],
            "scheduling_policy": [
              {
                "preemptible": false
              }
            ],
            "secondary_disk": [],
            "service_account_id": "",
            "status": "running",
            "timeouts": null,
            "zone": "ru-central1-a"
          },
          "sensitive_attributes": [],
          "private": "eyJlMmJmYjczMC1lY2FhLTExZTYtOGY4OC0zNDM2M2JjN2M0YzAiOnsiY3JlYXRlIjozMDAwMDAwMDAwMDAsImRlbGV0ZSI6MzAwMDAwMDAwMDAwLCJ1cGRhdGUiOjMwMDAwMDAwMDAwMH0sInNjaGVtYV92ZXJzaW9uIjoiMSJ9",
          "dependencies": [
            "yandex_vpc_network.default",
            "yandex_vpc_subnet.default"
          ]
        }
      ]
    },
    {
      "mode": "managed",
      "type": "yandex_compute_instance",
      "name": "gitlab",
      "provider": "provider[\"registry.terraform.io/yandex-cloud/yandex\"]",
      "instances": [
        {
          "schema_version": 1,
          "attributes": {
            "allow_recreate": null,
            "allow_stopping_for_update": true,
            "boot_disk": [
              {
                "auto_delete": true,
                "device_name": "fhm2gl0iv1l26r5ju2jb",
                "disk_id": "fhm2gl0iv1l26r5ju2jb",
                "initialize_params": [
                  {
                    "block_size": 4096,
                    "description": "",
                    "image_id": "fd88d14a6790do254kj7",
                    "name": "root-gitlab",
                    "size": 40,
                    "snapshot_id": "",
                    "type": "network-ssd"
                  }
                ],
                "mode": "READ_WRITE"
              }
            ],
            "created_at": "2022-07-07T12:30:46Z",
            "description": "",
            "folder_id": "b1g5mpl5ths26blfceli",
            "fqdn": "gitlab.itili4.ru",
            "hostname": "gitlab",
            "id": "fhmeh37lj7u06c76hodm",
            "labels": null,
            "local_disk": [],
            "metadata": {
              "ssh-keys": "centos:ssh-rsa AAAAB3NzaC1yc2EAAAADAQABAAABgQDf38pMeldesNTnacPPaHCDguMVU0utDKow7uyWVplkD5fHAweDiAe5MSMBcChiL1dEaulVAHuBZ9ck0Vj86AdivoGt/p3WWMlHBSRYw1l86TwZQm5p5U2hqxbfv9MnGB4eAwDavOSaHLGDrINvcx5YzTmiwbbmUFD60VtL3WDwyBdRGpipzOpfXTAboadA4spNYahvBGsLqbe6yxUwVgSIAZw75Dt7wrByJF7s3rfpI+IyflHxIhAD/T+PeflEvHsMHPAk6t/Srlr60qmowGLsA4+WNip4yJpHDki7/9aiJCbRxxbwyjkv63JBkiWXb/DBpzmIjtyttiVGORmUOl+wcfZDMx2gwBqL/XrHlkl9o6IVgBKV6J184QO4SdwX3abs0EwXMQZLOQCLwarLNHApEFn3RgVYMU1+EbelDn3vgZ4GVozEsSNbq/9FrBS3IxmCEw55OM/m1jkuTVZSDcCOJTm9L2JOK0ouukEDH7K42q9TTGrtuRu8qQpJWgMPNlE= yolo@90nbk0714\n"
            },
            "name": "gitlab",
            "network_acceleration_type": "standard",
            "network_interface": [
              {
                "dns_record": [],
                "index": 0,
                "ip_address": "192.168.101.14",
                "ipv4": true,
                "ipv6": false,
                "ipv6_address": "",
                "ipv6_dns_record": [],
                "mac_address": "d0:0d:e8:8c:f5:99",
                "nat": true,
                "nat_dns_record": [],
                "nat_ip_address": "62.84.114.138",
                "nat_ip_version": "IPV4",
                "security_group_ids": [],
                "subnet_id": "e9bm3k8tkg27gavs0e8c"
              }
            ],
            "placement_policy": [
              {
                "host_affinity_rules": [],
                "placement_group_id": ""
              }
            ],
            "platform_id": "standard-v1",
            "resources": [
              {
                "core_fraction": 100,
                "cores": 4,
                "gpus": 0,
                "memory": 8
              }
            ],
            "scheduling_policy": [
              {
                "preemptible": false
              }
            ],
            "secondary_disk": [],
            "service_account_id": "",
            "status": "running",
            "timeouts": null,
            "zone": "ru-central1-a"
          },
          "sensitive_attributes": [],
          "private": "eyJlMmJmYjczMC1lY2FhLTExZTYtOGY4OC0zNDM2M2JjN2M0YzAiOnsiY3JlYXRlIjozMDAwMDAwMDAwMDAsImRlbGV0ZSI6MzAwMDAwMDAwMDAwLCJ1cGRhdGUiOjMwMDAwMDAwMDAwMH0sInNjaGVtYV92ZXJzaW9uIjoiMSJ9",
          "dependencies": [
            "yandex_vpc_network.default",
            "yandex_vpc_subnet.default"
          ]
        }
      ]
    },
    {
      "mode": "managed",
      "type": "yandex_compute_instance",
      "name": "gpa",
      "provider": "provider[\"registry.terraform.io/yandex-cloud/yandex\"]",
      "instances": [
        {
          "schema_version": 1,
          "attributes": {
            "allow_recreate": null,
            "allow_stopping_for_update": true,
            "boot_disk": [
              {
                "auto_delete": true,
                "device_name": "fhmuidihuk8ro5rk28ul",
                "disk_id": "fhmuidihuk8ro5rk28ul",
                "initialize_params": [
                  {
                    "block_size": 4096,
                    "description": "",
                    "image_id": "fd88d14a6790do254kj7",
                    "name": "root-gpa",
                    "size": 40,
                    "snapshot_id": "",
                    "type": "network-ssd"
                  }
                ],
                "mode": "READ_WRITE"
              }
            ],
            "created_at": "2022-07-07T12:30:46Z",
            "description": "",
            "folder_id": "b1g5mpl5ths26blfceli",
            "fqdn": "gpa.itili4.ru",
            "hostname": "gpa",
            "id": "fhm4fv9rss1tneklemr6",
            "labels": null,
            "local_disk": [],
            "metadata": {
              "ssh-keys": "centos:ssh-rsa AAAAB3NzaC1yc2EAAAADAQABAAABgQDf38pMeldesNTnacPPaHCDguMVU0utDKow7uyWVplkD5fHAweDiAe5MSMBcChiL1dEaulVAHuBZ9ck0Vj86AdivoGt/p3WWMlHBSRYw1l86TwZQm5p5U2hqxbfv9MnGB4eAwDavOSaHLGDrINvcx5YzTmiwbbmUFD60VtL3WDwyBdRGpipzOpfXTAboadA4spNYahvBGsLqbe6yxUwVgSIAZw75Dt7wrByJF7s3rfpI+IyflHxIhAD/T+PeflEvHsMHPAk6t/Srlr60qmowGLsA4+WNip4yJpHDki7/9aiJCbRxxbwyjkv63JBkiWXb/DBpzmIjtyttiVGORmUOl+wcfZDMx2gwBqL/XrHlkl9o6IVgBKV6J184QO4SdwX3abs0EwXMQZLOQCLwarLNHApEFn3RgVYMU1+EbelDn3vgZ4GVozEsSNbq/9FrBS3IxmCEw55OM/m1jkuTVZSDcCOJTm9L2JOK0ouukEDH7K42q9TTGrtuRu8qQpJWgMPNlE= yolo@90nbk0714\n"
            },
            "name": "gpa",
            "network_acceleration_type": "standard",
            "network_interface": [
              {
                "dns_record": [],
                "index": 0,
                "ip_address": "192.168.101.16",
                "ipv4": true,
                "ipv6": false,
                "ipv6_address": "",
                "ipv6_dns_record": [],
                "mac_address": "d0:0d:47:fd:3b:e7",
                "nat": true,
                "nat_dns_record": [],
                "nat_ip_address": "62.84.113.10",
                "nat_ip_version": "IPV4",
                "security_group_ids": [],
                "subnet_id": "e9bm3k8tkg27gavs0e8c"
              }
            ],
            "placement_policy": [
              {
                "host_affinity_rules": [],
                "placement_group_id": ""
              }
            ],
            "platform_id": "standard-v1",
            "resources": [
              {
                "core_fraction": 100,
                "cores": 4,
                "gpus": 0,
                "memory": 8
              }
            ],
            "scheduling_policy": [
              {
                "preemptible": false
              }
            ],
            "secondary_disk": [],
            "service_account_id": "",
            "status": "running",
            "timeouts": null,
            "zone": "ru-central1-a"
          },
          "sensitive_attributes": [],
          "private": "eyJlMmJmYjczMC1lY2FhLTExZTYtOGY4OC0zNDM2M2JjN2M0YzAiOnsiY3JlYXRlIjozMDAwMDAwMDAwMDAsImRlbGV0ZSI6MzAwMDAwMDAwMDAwLCJ1cGRhdGUiOjMwMDAwMDAwMDAwMH0sInNjaGVtYV92ZXJzaW9uIjoiMSJ9",
          "dependencies": [
            "yandex_vpc_network.default",
            "yandex_vpc_subnet.default"
          ]
        }
      ]
    },
    {
      "mode": "managed",
      "type": "yandex_compute_instance",
      "name": "grunner",
      "provider": "provider[\"registry.terraform.io/yandex-cloud/yandex\"]",
      "instances": [
        {
          "schema_version": 1,
          "attributes": {
            "allow_recreate": null,
            "allow_stopping_for_update": true,
            "boot_disk": [
              {
                "auto_delete": true,
                "device_name": "fhmksnvlclj8kio85hq4",
                "disk_id": "fhmksnvlclj8kio85hq4",
                "initialize_params": [
                  {
                    "block_size": 4096,
                    "description": "",
                    "image_id": "fd88d14a6790do254kj7",
                    "name": "root-grunner",
                    "size": 40,
                    "snapshot_id": "",
                    "type": "network-ssd"
                  }
                ],
                "mode": "READ_WRITE"
              }
            ],
            "created_at": "2022-07-07T12:30:46Z",
            "description": "",
            "folder_id": "b1g5mpl5ths26blfceli",
            "fqdn": "grunner.itili4.ru",
            "hostname": "grunner",
            "id": "fhmbd61r91qbjqre95r7",
            "labels": null,
            "local_disk": [],
            "metadata": {
              "ssh-keys": "centos:ssh-rsa AAAAB3NzaC1yc2EAAAADAQABAAABgQDf38pMeldesNTnacPPaHCDguMVU0utDKow7uyWVplkD5fHAweDiAe5MSMBcChiL1dEaulVAHuBZ9ck0Vj86AdivoGt/p3WWMlHBSRYw1l86TwZQm5p5U2hqxbfv9MnGB4eAwDavOSaHLGDrINvcx5YzTmiwbbmUFD60VtL3WDwyBdRGpipzOpfXTAboadA4spNYahvBGsLqbe6yxUwVgSIAZw75Dt7wrByJF7s3rfpI+IyflHxIhAD/T+PeflEvHsMHPAk6t/Srlr60qmowGLsA4+WNip4yJpHDki7/9aiJCbRxxbwyjkv63JBkiWXb/DBpzmIjtyttiVGORmUOl+wcfZDMx2gwBqL/XrHlkl9o6IVgBKV6J184QO4SdwX3abs0EwXMQZLOQCLwarLNHApEFn3RgVYMU1+EbelDn3vgZ4GVozEsSNbq/9FrBS3IxmCEw55OM/m1jkuTVZSDcCOJTm9L2JOK0ouukEDH7K42q9TTGrtuRu8qQpJWgMPNlE= yolo@90nbk0714\n"
            },
            "name": "grunner",
            "network_acceleration_type": "standard",
            "network_interface": [
              {
                "dns_record": [],
                "index": 0,
                "ip_address": "192.168.101.15",
                "ipv4": true,
                "ipv6": false,
                "ipv6_address": "",
                "ipv6_dns_record": [],
                "mac_address": "d0:0d:b6:98:3b:48",
                "nat": true,
                "nat_dns_record": [],
                "nat_ip_address": "62.84.114.117",
                "nat_ip_version": "IPV4",
                "security_group_ids": [],
                "subnet_id": "e9bm3k8tkg27gavs0e8c"
              }
            ],
            "placement_policy": [
              {
                "host_affinity_rules": [],
                "placement_group_id": ""
              }
            ],
            "platform_id": "standard-v1",
            "resources": [
              {
                "core_fraction": 100,
                "cores": 4,
                "gpus": 0,
                "memory": 8
              }
            ],
            "scheduling_policy": [
              {
                "preemptible": false
              }
            ],
            "secondary_disk": [],
            "service_account_id": "",
            "status": "running",
            "timeouts": null,
            "zone": "ru-central1-a"
          },
          "sensitive_attributes": [],
          "private": "eyJlMmJmYjczMC1lY2FhLTExZTYtOGY4OC0zNDM2M2JjN2M0YzAiOnsiY3JlYXRlIjozMDAwMDAwMDAwMDAsImRlbGV0ZSI6MzAwMDAwMDAwMDAwLCJ1cGRhdGUiOjMwMDAwMDAwMDAwMH0sInNjaGVtYV92ZXJzaW9uIjoiMSJ9",
          "dependencies": [
            "yandex_vpc_network.default",
            "yandex_vpc_subnet.default"
          ]
        }
      ]
    },
    {
      "mode": "managed",
      "type": "yandex_compute_instance",
      "name": "rproxy",
      "provider": "provider[\"registry.terraform.io/yandex-cloud/yandex\"]",
      "instances": [
        {
          "schema_version": 1,
          "attributes": {
            "allow_recreate": null,
            "allow_stopping_for_update": true,
            "boot_disk": [
              {
                "auto_delete": true,
                "device_name": "fhmjsiglnic8d7mlo1kh",
                "disk_id": "fhmjsiglnic8d7mlo1kh",
                "initialize_params": [
                  {
                    "block_size": 4096,
                    "description": "",
                    "image_id": "fd88d14a6790do254kj7",
                    "name": "root-rproxy",
                    "size": 10,
                    "snapshot_id": "",
                    "type": "network-ssd"
                  }
                ],
                "mode": "READ_WRITE"
              }
            ],
            "created_at": "2022-07-07T12:30:46Z",
            "description": "",
            "folder_id": "b1g5mpl5ths26blfceli",
            "fqdn": "itili4.ru",
            "hostname": "itili4",
            "id": "fhmro83tkdvgg1n5ib3l",
            "labels": null,
            "local_disk": [],
            "metadata": {
              "ssh-keys": "centos:ssh-rsa AAAAB3NzaC1yc2EAAAADAQABAAABgQDf38pMeldesNTnacPPaHCDguMVU0utDKow7uyWVplkD5fHAweDiAe5MSMBcChiL1dEaulVAHuBZ9ck0Vj86AdivoGt/p3WWMlHBSRYw1l86TwZQm5p5U2hqxbfv9MnGB4eAwDavOSaHLGDrINvcx5YzTmiwbbmUFD60VtL3WDwyBdRGpipzOpfXTAboadA4spNYahvBGsLqbe6yxUwVgSIAZw75Dt7wrByJF7s3rfpI+IyflHxIhAD/T+PeflEvHsMHPAk6t/Srlr60qmowGLsA4+WNip4yJpHDki7/9aiJCbRxxbwyjkv63JBkiWXb/DBpzmIjtyttiVGORmUOl+wcfZDMx2gwBqL/XrHlkl9o6IVgBKV6J184QO4SdwX3abs0EwXMQZLOQCLwarLNHApEFn3RgVYMU1+EbelDn3vgZ4GVozEsSNbq/9FrBS3IxmCEw55OM/m1jkuTVZSDcCOJTm9L2JOK0ouukEDH7K42q9TTGrtuRu8qQpJWgMPNlE= yolo@90nbk0714\n"
            },
            "name": "rproxy",
            "network_acceleration_type": "standard",
            "network_interface": [
              {
                "dns_record": [],
                "index": 0,
                "ip_address": "192.168.101.11",
                "ipv4": true,
                "ipv6": false,
                "ipv6_address": "",
                "ipv6_dns_record": [],
                "mac_address": "d0:0d:1b:c2:07:da",
                "nat": true,
                "nat_dns_record": [],
                "nat_ip_address": "62.84.113.241",
                "nat_ip_version": "IPV4",
                "security_group_ids": [],
                "subnet_id": "e9bm3k8tkg27gavs0e8c"
              }
            ],
            "placement_policy": [
              {
                "host_affinity_rules": [],
                "placement_group_id": ""
              }
            ],
            "platform_id": "standard-v1",
            "resources": [
              {
                "core_fraction": 100,
                "cores": 4,
                "gpus": 0,
                "memory": 8
              }
            ],
            "scheduling_policy": [
              {
                "preemptible": false
              }
            ],
            "secondary_disk": [],
            "service_account_id": "",
            "status": "running",
            "timeouts": null,
            "zone": "ru-central1-a"
          },
          "sensitive_attributes": [],
          "private": "eyJlMmJmYjczMC1lY2FhLTExZTYtOGY4OC0zNDM2M2JjN2M0YzAiOnsiY3JlYXRlIjozMDAwMDAwMDAwMDAsImRlbGV0ZSI6MzAwMDAwMDAwMDAwLCJ1cGRhdGUiOjMwMDAwMDAwMDAwMH0sInNjaGVtYV92ZXJzaW9uIjoiMSJ9",
          "dependencies": [
            "yandex_vpc_network.default",
            "yandex_vpc_subnet.default"
          ]
        }
      ]
    },
    {
      "mode": "managed",
      "type": "yandex_vpc_network",
      "name": "default",
      "provider": "provider[\"registry.terraform.io/yandex-cloud/yandex\"]",
      "instances": [
        {
          "schema_version": 0,
          "attributes": {
            "created_at": "2022-07-07T12:30:43Z",
            "default_security_group_id": "",
            "description": "",
            "folder_id": "b1g5mpl5ths26blfceli",
            "id": "enpi9r6uv3ll0pembqoe",
            "labels": {},
            "name": "net",
            "subnet_ids": [],
            "timeouts": null
          },
          "sensitive_attributes": [],
          "private": "eyJlMmJmYjczMC1lY2FhLTExZTYtOGY4OC0zNDM2M2JjN2M0YzAiOnsiY3JlYXRlIjo2MDAwMDAwMDAwMCwiZGVsZXRlIjo2MDAwMDAwMDAwMCwidXBkYXRlIjo2MDAwMDAwMDAwMH19"
        }
      ]
    },
    {
      "mode": "managed",
      "type": "yandex_vpc_subnet",
      "name": "default",
      "provider": "provider[\"registry.terraform.io/yandex-cloud/yandex\"]",
      "instances": [
        {
          "schema_version": 0,
          "attributes": {
            "created_at": "2022-07-07T12:30:44Z",
            "description": "",
            "dhcp_options": [],
            "folder_id": "b1g5mpl5ths26blfceli",
            "id": "e9bm3k8tkg27gavs0e8c",
            "labels": {},
            "name": "subnet",
            "network_id": "enpi9r6uv3ll0pembqoe",
            "route_table_id": "",
            "timeouts": null,
            "v4_cidr_blocks": [
              "192.168.101.0/24"
            ],
            "v6_cidr_blocks": [],
            "zone": "ru-central1-a"
          },
          "sensitive_attributes": [],
          "private": "eyJlMmJmYjczMC1lY2FhLTExZTYtOGY4OC0zNDM2M2JjN2M0YzAiOnsiY3JlYXRlIjoxODAwMDAwMDAwMDAsImRlbGV0ZSI6MTgwMDAwMDAwMDAwLCJ1cGRhdGUiOjE4MDAwMDAwMDAwMH19",
          "dependencies": [
            "yandex_vpc_network.default"
          ]
        }
      ]
    }
  ]
}
